
Microsoft Visual Studio Solution File, Format Version 12.00
# Visual Studio Version 17
VisualStudioVersion = 17.9.34728.123
MinimumVisualStudioVersion = 10.0.40219.1
Project("{9A19103F-16F7-4668-BE54-9A1E7A4F7556}") = "PostmanClone.Library", "PostmanClone.Library\PostmanClone.Library.csproj", "{AC541D32-9FCF-49AB-BADD-4D36B397EAC9}"
EndProject
Project("{9A19103F-16F7-4668-BE54-9A1E7A4F7556}") = "PostmanClone.UI", "PostmanClone.UI\PostmanClone.UI.csproj", "{BBA0B128-F198-4491-B598-6C471F850366}"
EndProject
Project("{2150E333-8FDC-42A3-9474-1A3956D46DE8}") = "Solution Items", "Solution Items", "{D59739C6-569C-4565-9DA8-3D55C26D94E1}"
	ProjectSection(SolutionItems) = preProject
		.editorconfig = .editorconfig
	EndProjectSection
EndProject
Project("{FAE04EC0-301F-11D3-BF4B-00C04F79EFBC}") = "PostmanClone.Tests", "PostmanClone.Tests\PostmanClone.Tests.csproj", "{2F4EDCC7-20AF-497A-A84D-815674898C49}"
EndProject
Project("{C7167F0D-BC9F-4E6E-AFE1-012C56B48DB5}") = "PostmanClone.Packaging", "PostmanClone.Packaging\PostmanClone.Packaging.wapproj", "{1BD891D2-7194-430F-9954-A5A593753BB2}"
EndProject
Global
	GlobalSection(SolutionConfigurationPlatforms) = preSolution
		Debug|Any CPU = Debug|Any CPU
		Debug|ARM = Debug|ARM
		Debug|ARM64 = Debug|ARM64
		Debug|x64 = Debug|x64
		Debug|x86 = Debug|x86
		Release|Any CPU = Release|Any CPU
		Release|ARM = Release|ARM
		Release|ARM64 = Release|ARM64
		Release|x64 = Release|x64
		Release|x86 = Release|x86
	EndGlobalSection
	GlobalSection(ProjectConfigurationPlatforms) = postSolution
		{AC541D32-9FCF-49AB-BADD-4D36B397EAC9}.Debug|Any CPU.ActiveCfg = Debug|Any CPU
		{AC541D32-9FCF-49AB-BADD-4D36B397EAC9}.Debug|Any CPU.Build.0 = Debug|Any CPU
		{AC541D32-9FCF-49AB-BADD-4D36B397EAC9}.Debug|ARM.ActiveCfg = Debug|Any CPU
		{AC541D32-9FCF-49AB-BADD-4D36B397EAC9}.Debug|ARM.Build.0 = Debug|Any CPU
		{AC541D32-9FCF-49AB-BADD-4D36B397EAC9}.Debug|ARM64.ActiveCfg = Debug|Any CPU
		{AC541D32-9FCF-49AB-BADD-4D36B397EAC9}.Debug|ARM64.Build.0 = Debug|Any CPU
		{AC541D32-9FCF-49AB-BADD-4D36B397EAC9}.Debug|x64.ActiveCfg = Debug|Any CPU
		{AC541D32-9FCF-49AB-BADD-4D36B397EAC9}.Debug|x64.Build.0 = Debug|Any CPU
		{AC541D32-9FCF-49AB-BADD-4D36B397EAC9}.Debug|x86.ActiveCfg = Debug|Any CPU
		{AC541D32-9FCF-49AB-BADD-4D36B397EAC9}.Debug|x86.Build.0 = Debug|Any CPU
		{AC541D32-9FCF-49AB-BADD-4D36B397EAC9}.Release|Any CPU.ActiveCfg = Release|Any CPU
		{AC541D32-9FCF-49AB-BADD-4D36B397EAC9}.Release|Any CPU.Build.0 = Release|Any CPU
		{AC541D32-9FCF-49AB-BADD-4D36B397EAC9}.Release|ARM.ActiveCfg = Release|Any CPU
		{AC541D32-9FCF-49AB-BADD-4D36B397EAC9}.Release|ARM.Build.0 = Release|Any CPU
		{AC541D32-9FCF-49AB-BADD-4D36B397EAC9}.Release|ARM64.ActiveCfg = Release|Any CPU
		{AC541D32-9FCF-49AB-BADD-4D36B397EAC9}.Release|ARM64.Build.0 = Release|Any CPU
		{AC541D32-9FCF-49AB-BADD-4D36B397EAC9}.Release|x64.ActiveCfg = Release|Any CPU
		{AC541D32-9FCF-49AB-BADD-4D36B397EAC9}.Release|x64.Build.0 = Release|Any CPU
		{AC541D32-9FCF-49AB-BADD-4D36B397EAC9}.Release|x86.ActiveCfg = Release|Any CPU
		{AC541D32-9FCF-49AB-BADD-4D36B397EAC9}.Release|x86.Build.0 = Release|Any CPU
		{BBA0B128-F198-4491-B598-6C471F850366}.Debug|Any CPU.ActiveCfg = Debug|Any CPU
		{BBA0B128-F198-4491-B598-6C471F850366}.Debug|Any CPU.Build.0 = Debug|Any CPU
		{BBA0B128-F198-4491-B598-6C471F850366}.Debug|ARM.ActiveCfg = Debug|Any CPU
		{BBA0B128-F198-4491-B598-6C471F850366}.Debug|ARM.Build.0 = Debug|Any CPU
		{BBA0B128-F198-4491-B598-6C471F850366}.Debug|ARM64.ActiveCfg = Debug|Any CPU
		{BBA0B128-F198-4491-B598-6C471F850366}.Debug|ARM64.Build.0 = Debug|Any CPU
		{BBA0B128-F198-4491-B598-6C471F850366}.Debug|x64.ActiveCfg = Debug|Any CPU
		{BBA0B128-F198-4491-B598-6C471F850366}.Debug|x64.Build.0 = Debug|Any CPU
		{BBA0B128-F198-4491-B598-6C471F850366}.Debug|x86.ActiveCfg = Debug|Any CPU
		{BBA0B128-F198-4491-B598-6C471F850366}.Debug|x86.Build.0 = Debug|Any CPU
		{BBA0B128-F198-4491-B598-6C471F850366}.Release|Any CPU.ActiveCfg = Release|Any CPU
		{BBA0B128-F198-4491-B598-6C471F850366}.Release|Any CPU.Build.0 = Release|Any CPU
		{BBA0B128-F198-4491-B598-6C471F850366}.Release|ARM.ActiveCfg = Release|Any CPU
		{BBA0B128-F198-4491-B598-6C471F850366}.Release|ARM.Build.0 = Release|Any CPU
		{BBA0B128-F198-4491-B598-6C471F850366}.Release|ARM64.ActiveCfg = Release|Any CPU
		{BBA0B128-F198-4491-B598-6C471F850366}.Release|ARM64.Build.0 = Release|Any CPU
		{BBA0B128-F198-4491-B598-6C471F850366}.Release|x64.ActiveCfg = Release|Any CPU
		{BBA0B128-F198-4491-B598-6C471F850366}.Release|x64.Build.0 = Release|Any CPU
		{BBA0B128-F198-4491-B598-6C471F850366}.Release|x86.ActiveCfg = Release|Any CPU
		{BBA0B128-F198-4491-B598-6C471F850366}.Release|x86.Build.0 = Release|Any CPU
		{2F4EDCC7-20AF-497A-A84D-815674898C49}.Debug|Any CPU.ActiveCfg = Debug|Any CPU
		{2F4EDCC7-20AF-497A-A84D-815674898C49}.Debug|Any CPU.Build.0 = Debug|Any CPU
		{2F4EDCC7-20AF-497A-A84D-815674898C49}.Debug|ARM.ActiveCfg = Debug|Any CPU
		{2F4EDCC7-20AF-497A-A84D-815674898C49}.Debug|ARM.Build.0 = Debug|Any CPU
		{2F4EDCC7-20AF-497A-A84D-815674898C49}.Debug|ARM64.ActiveCfg = Debug|Any CPU
		{2F4EDCC7-20AF-497A-A84D-815674898C49}.Debug|ARM64.Build.0 = Debug|Any CPU
		{2F4EDCC7-20AF-497A-A84D-815674898C49}.Debug|x64.ActiveCfg = Debug|Any CPU
		{2F4EDCC7-20AF-497A-A84D-815674898C49}.Debug|x64.Build.0 = Debug|Any CPU
		{2F4EDCC7-20AF-497A-A84D-815674898C49}.Debug|x86.ActiveCfg = Debug|Any CPU
		{2F4EDCC7-20AF-497A-A84D-815674898C49}.Debug|x86.Build.0 = Debug|Any CPU
		{2F4EDCC7-20AF-497A-A84D-815674898C49}.Release|Any CPU.ActiveCfg = Release|Any CPU
		{2F4EDCC7-20AF-497A-A84D-815674898C49}.Release|Any CPU.Build.0 = Release|Any CPU
		{2F4EDCC7-20AF-497A-A84D-815674898C49}.Release|ARM.ActiveCfg = Release|Any CPU
		{2F4EDCC7-20AF-497A-A84D-815674898C49}.Release|ARM.Build.0 = Release|Any CPU
		{2F4EDCC7-20AF-497A-A84D-815674898C49}.Release|ARM64.ActiveCfg = Release|Any CPU
		{2F4EDCC7-20AF-497A-A84D-815674898C49}.Release|ARM64.Build.0 = Release|Any CPU
		{2F4EDCC7-20AF-497A-A84D-815674898C49}.Release|x64.ActiveCfg = Release|Any CPU
		{2F4EDCC7-20AF-497A-A84D-815674898C49}.Release|x64.Build.0 = Release|Any CPU
		{2F4EDCC7-20AF-497A-A84D-815674898C49}.Release|x86.ActiveCfg = Release|Any CPU
		{2F4EDCC7-20AF-497A-A84D-815674898C49}.Release|x86.Build.0 = Release|Any CPU
		{1BD891D2-7194-430F-9954-A5A593753BB2}.Debug|Any CPU.ActiveCfg = Debug|Any CPU
		{1BD891D2-7194-430F-9954-A5A593753BB2}.Debug|Any CPU.Build.0 = Debug|Any CPU
		{1BD891D2-7194-430F-9954-A5A593753BB2}.Debug|Any CPU.Deploy.0 = Debug|Any CPU
		{1BD891D2-7194-430F-9954-A5A593753BB2}.Debug|ARM.ActiveCfg = Debug|ARM
		{1BD891D2-7194-430F-9954-A5A593753BB2}.Debug|ARM.Build.0 = Debug|ARM
		{1BD891D2-7194-430F-9954-A5A593753BB2}.Debug|ARM.Deploy.0 = Debug|ARM
		{1BD891D2-7194-430F-9954-A5A593753BB2}.Debug|ARM64.ActiveCfg = Debug|ARM64
		{1BD891D2-7194-430F-9954-A5A593753BB2}.Debug|ARM64.Build.0 = Debug|ARM64
		{1BD891D2-7194-430F-9954-A5A593753BB2}.Debug|ARM64.Deploy.0 = Debug|ARM64
		{1BD891D2-7194-430F-9954-A5A593753BB2}.Debug|x64.ActiveCfg = Debug|x64
		{1BD891D2-7194-430F-9954-A5A593753BB2}.Debug|x64.Build.0 = Debug|x64
		{1BD891D2-7194-430F-9954-A5A593753BB2}.Debug|x64.Deploy.0 = Debug|x64
		{1BD891D2-7194-430F-9954-A5A593753BB2}.Debug|x86.ActiveCfg = Debug|Any CPU
		{1BD891D2-7194-430F-9954-A5A593753BB2}.Debug|x86.Build.0 = Debug|Any CPU
		{1BD891D2-7194-430F-9954-A5A593753BB2}.Debug|x86.Deploy.0 = Debug|Any CPU
		{1BD891D2-7194-430F-9954-A5A593753BB2}.Release|Any CPU.ActiveCfg = Release|Any CPU
		{1BD891D2-7194-430F-9954-A5A593753BB2}.Release|Any CPU.Build.0 = Release|Any CPU
		{1BD891D2-7194-430F-9954-A5A593753BB2}.Release|Any CPU.Deploy.0 = Release|Any CPU
		{1BD891D2-7194-430F-9954-A5A593753BB2}.Release|ARM.ActiveCfg = Release|ARM
		{1BD891D2-7194-430F-9954-A5A593753BB2}.Release|ARM.Build.0 = Release|ARM
		{1BD891D2-7194-430F-9954-A5A593753BB2}.Release|ARM.Deploy.0 = Release|ARM
		{1BD891D2-7194-430F-9954-A5A593753BB2}.Release|ARM64.ActiveCfg = Release|ARM64
		{1BD891D2-7194-430F-9954-A5A593753BB2}.Release|ARM64.Build.0 = Release|ARM64
		{1BD891D2-7194-430F-9954-A5A593753BB2}.Release|ARM64.Deploy.0 = Release|ARM64
		{1BD891D2-7194-430F-9954-A5A593753BB2}.Release|x64.ActiveCfg = Release|x64
		{1BD891D2-7194-430F-9954-A5A593753BB2}.Release|x64.Build.0 = Release|x64
		{1BD891D2-7194-430F-9954-A5A593753BB2}.Release|x64.Deploy.0 = Release|x64
		{1BD891D2-7194-430F-9954-A5A593753BB2}.Release|x86.ActiveCfg = Release|x86
		{1BD891D2-7194-430F-9954-A5A593753BB2}.Release|x86.Build.0 = Release|x86
		{1BD891D2-7194-430F-9954-A5A593753BB2}.Release|x86.Deploy.0 = Release|x86
	EndGlobalSection
	GlobalSection(SolutionProperties) = preSolution
		HideSolutionNode = FALSE
	EndGlobalSection
	GlobalSection(ExtensibilityGlobals) = postSolution
		SolutionGuid = {F129A198-D16E-434C-B816-8EFBE39DA48C}
	EndGlobalSection
EndGlobal
